
Microsoft Visual Studio Solution File, Format Version 12.00
# Visual Studio Version 17
VisualStudioVersion = 17.14.36401.2 d17.14
MinimumVisualStudioVersion = 10.0.40219.1
Project("{FAE04EC0-301F-11D3-BF4B-00C04F79EFBC}") = "LatihanMethod5", "LatihanMethod5\LatihanMethod5.csproj", "{D9CC2716-5B00-40D9-8E1E-0A4F0001D30C}"
EndProject
Global
	GlobalSection(SolutionConfigurationPlatforms) = preSolution
		Debug|Any CPU = Debug|Any CPU
		Release|Any CPU = Release|Any CPU
	EndGlobalSection
	GlobalSection(ProjectConfigurationPlatforms) = postSolution
		{D9CC2716-5B00-40D9-8E1E-0A4F0001D30C}.Debug|Any CPU.ActiveCfg = Debug|Any CPU
		{D9CC2716-5B00-40D9-8E1E-0A4F0001D30C}.Debug|Any CPU.Build.0 = Debug|Any CPU
		{D9CC2716-5B00-40D9-8E1E-0A4F0001D30C}.Release|Any CPU.ActiveCfg = Release|Any CPU
		{D9CC2716-5B00-40D9-8E1E-0A4F0001D30C}.Release|Any CPU.Build.0 = Release|Any CPU
	EndGlobalSection
	GlobalSection(SolutionProperties) = preSolution
		HideSolutionNode = FALSE
	EndGlobalSection
	GlobalSection(ExtensibilityGlobals) = postSolution
		SolutionGuid = {C310B543-0214-44E2-B340-816DAD15501F}
	EndGlobalSection
EndGlobal
